
Microsoft Visual Studio Solution File, Format Version 12.00
# Visual Studio Version 16
VisualStudioVersion = 16.0.29306.81
MinimumVisualStudioVersion = 10.0.40219.1
Project("{FAE04EC0-301F-11D3-BF4B-00C04F79EFBC}") = "Polly.Demo.Server", "Polly.Demo\Polly.Demo.Server.csproj", "{03896890-81CA-4090-A33D-1541EDB2D2A5}"
EndProject
Project("{FAE04EC0-301F-11D3-BF4B-00C04F79EFBC}") = "Polly.Demo.Proxy", "Polly.Demo.Proxy\Polly.Demo.Proxy.csproj", "{0D8EE1EF-AE73-45B8-9FC8-A495EB6B1B74}"
EndProject
Global
	GlobalSection(SolutionConfigurationPlatforms) = preSolution
		Debug|Any CPU = Debug|Any CPU
		Release|Any CPU = Release|Any CPU
	EndGlobalSection
	GlobalSection(ProjectConfigurationPlatforms) = postSolution
		{03896890-81CA-4090-A33D-1541EDB2D2A5}.Debug|Any CPU.ActiveCfg = Debug|Any CPU
		{03896890-81CA-4090-A33D-1541EDB2D2A5}.Debug|Any CPU.Build.0 = Debug|Any CPU
		{03896890-81CA-4090-A33D-1541EDB2D2A5}.Release|Any CPU.ActiveCfg = Release|Any CPU
		{03896890-81CA-4090-A33D-1541EDB2D2A5}.Release|Any CPU.Build.0 = Release|Any CPU
		{0D8EE1EF-AE73-45B8-9FC8-A495EB6B1B74}.Debug|Any CPU.ActiveCfg = Debug|Any CPU
		{0D8EE1EF-AE73-45B8-9FC8-A495EB6B1B74}.Debug|Any CPU.Build.0 = Debug|Any CPU
		{0D8EE1EF-AE73-45B8-9FC8-A495EB6B1B74}.Release|Any CPU.ActiveCfg = Release|Any CPU
		{0D8EE1EF-AE73-45B8-9FC8-A495EB6B1B74}.Release|Any CPU.Build.0 = Release|Any CPU
	EndGlobalSection
	GlobalSection(SolutionProperties) = preSolution
		HideSolutionNode = FALSE
	EndGlobalSection
	GlobalSection(ExtensibilityGlobals) = postSolution
		SolutionGuid = {763DD7D2-2197-447C-8E1C-6A58BE32CDAC}
	EndGlobalSection
EndGlobal
